PODS:
  - Alamofire (3.5.0)
  - AlamofireImage (2.5.0):
    - Alamofire (~> 3.5)
  - BBBadgeBarButtonItem (1.2)
  - Bohr (3.0.0)
  - Cloudinary (1.0.15)
  - Crashlytics (3.8.2):
    - Fabric (~> 1.6.3)
  - CTFeedback (1.1.1)
  - DZNEmptyDataSet (1.8.1)
  - Fabric (1.6.8)
  - FCAlertView (1.0.9)
  - FoldingCell (1.0.0)
  - Fusuma (0.5.3)
  - ISMessages (1.0.3)
  - JSQMessagesViewController (7.3.4):
    - JSQSystemSoundPlayer (~> 2.0.1)
  - JSQSystemSoundPlayer (2.0.1)
  - RAMReel (1.2.4)
  - Segmentio (1.0)
  - Socket.IO-Client-Swift (7.0.3)
  - SVProgressHUD (2.0.3)
  - SwiftRandom (0.1.7)
  - SwiftyJSON (2.3.2)
  - TCTitleLoading (0.0.4)
  - TLTagsControl (1.0.0)
  - UIScrollView-InfiniteScroll (0.9.1)

DEPENDENCIES:
  - Alamofire (~> 3.4)
  - AlamofireImage (~> 2.0)
  - BBBadgeBarButtonItem
  - Bohr
  - Cloudinary
  - Crashlytics
  - CTFeedback
  - DZNEmptyDataSet
  - Fabric
  - FCAlertView
  - FoldingCell
  - Fusuma
  - ISMessages
  - JSQMessagesViewController
  - RAMReel
  - Segmentio (~> 1.0)
  - Socket.IO-Client-Swift (~> 7.0.0)
  - SVProgressHUD (from `https://github.com/SVProgressHUD/SVProgressHUD.git`)
  - SwiftRandom
  - SwiftyJSON
  - TCTitleLoading
  - TLTagsControl (from `https://github.com/mohlman3/TLTagsControl.git`)
  - UIScrollView-InfiniteScroll

EXTERNAL SOURCES:
  SVProgressHUD:
    :git: https://github.com/SVProgressHUD/SVProgressHUD.git
  TLTagsControl:
    :git: https://github.com/mohlman3/TLTagsControl.git

CHECKOUT OPTIONS:
  SVProgressHUD:
    :commit: cc5f7d68fe76afdb79e215b8ff00133575fafacc
    :git: https://github.com/SVProgressHUD/SVProgressHUD.git
  TLTagsControl:
    :commit: 6a60cc36d18ffb143ef2fe25859339757e7ce44c
    :git: https://github.com/mohlman3/TLTagsControl.git

SPEC CHECKSUMS:
  Alamofire: b70a7352335f8ea5babd0a923eb7e8eacc67b877
  AlamofireImage: 2d34936e5201270bb17a316a786e90e83b4a249d
  BBBadgeBarButtonItem: c2fbca0bff18e21b70defc9438a8a5048008e7ca
  Bohr: 17b150766e54e1fb8ff417d85b830c7caafa8b4a
  Cloudinary: f80af4565ec08c521d5e58cb56d9fbe1e4595e40
  Crashlytics: 27acca95a01b042a8294291dd6dff27f8f6af6d7
  CTFeedback: 6f128606e0d26d46075c3fa9fc33884372df8675
  DZNEmptyDataSet: 9525833b9e68ac21c30253e1d3d7076cc828eaa7
  Fabric: 5755268d0171435ab167e3d0878a28a777deaf10
  FCAlertView: 9a39300baaf29de8b343dec7f05c9978cd5b9f51
  FoldingCell: ca0b0f73a853143bf7d968c04a6604d25fbf1af7
  Fusuma: 02ffb3a9943792519f2c0972263b750acb550a49
  ISMessages: 8c9c900f750cc763774e6e581c8cbd6f35c8a6a6
  JSQMessagesViewController: 39fed975e3c9f8eba7292071e29eeb541d105e66
  JSQSystemSoundPlayer: c5850e77a4363ffd374cd851154b9af93264ed8d
  RAMReel: 8372977449403fd60f5bc91a7c3896ced9aa1683
  Segmentio: fd5598b3b13a6aa4e0356c4d12e1ed3e373fde1b
  Socket.IO-Client-Swift: cca640f81f8856278c8bcd56ea42d1d070a011b6
  SVProgressHUD: b0830714205bea1317ea1a2ebc71e5633af334d4
  SwiftRandom: a03b68cbcda1b03d0fef5a1b87296f9500b6eac3
  SwiftyJSON: 04ccea08915aa0109039157c7974cf0298da292a
  TCTitleLoading: ecc8810b6e3609fcab4068d0844622a1189e6bca
  TLTagsControl: 34ab7d25f282aa2b8b42e73cc71b96ffe9fa7a15
  UIScrollView-InfiniteScroll: 14e204c50ca4040467e1cbfa141dad7a18919b56

PODFILE CHECKSUM: 8540c7457c22dfe94403646459402ad0360a292b

COCOAPODS: 1.1.0.rc.1
