// !$*UTF8*$!
{
	archiveVersion = 1;
	classes = {
	};
	objectVersion = 46;
	objects = {

/* Begin PBXBuildFile section */
		0D4EEC6FF31F9CB5F16F2A1D /* Pods_HotCocoa.framework in Frameworks */ = {isa = PBXBuildFile; fileRef = CCB442D7D84B77C65218B01D /* Pods_HotCocoa.framework */; };
		8C37928D1DB277C700F007FF /* AsyncPhotoMediaItem.swift in Sources */ = {isa = PBXBuildFile; fileRef = 8C37928C1DB277C700F007FF /* AsyncPhotoMediaItem.swift */; };
		8C3792911DB283AC00F007FF /* UIImageExtension.swift in Sources */ = {isa = PBXBuildFile; fileRef = 8C3792901DB283AC00F007FF /* UIImageExtension.swift */; };
		8C49FD7B1D85DCC3003A37A9 /* WindowHelper.swift in Sources */ = {isa = PBXBuildFile; fileRef = 8C49FD7A1D85DCC3003A37A9 /* WindowHelper.swift */; };
		8C52940F1DADBB71007321E5 /* SocketManager.swift in Sources */ = {isa = PBXBuildFile; fileRef = 8C52940E1DADBB71007321E5 /* SocketManager.swift */; };
		8C5294131DADD5C8007321E5 /* MessagesViewController.swift in Sources */ = {isa = PBXBuildFile; fileRef = 8C5294121DADD5C8007321E5 /* MessagesViewController.swift */; };
		8C61AA451DAE8AB3007D0992 /* UserService.swift in Sources */ = {isa = PBXBuildFile; fileRef = 8C61AA441DAE8AB3007D0992 /* UserService.swift */; };
		8C7FF88E1DAAA2A800E41B2E /* SettingsViewController.swift in Sources */ = {isa = PBXBuildFile; fileRef = 8C7FF88D1DAAA2A800E41B2E /* SettingsViewController.swift */; };
		8C7FF8901DAAAAD000E41B2E /* ProgressController.swift in Sources */ = {isa = PBXBuildFile; fileRef = 8C7FF88F1DAAAAD000E41B2E /* ProgressController.swift */; };
		8CB20C551D85C22A00BA2004 /* StringExtension.swift in Sources */ = {isa = PBXBuildFile; fileRef = 8CB20C541D85C22A00BA2004 /* StringExtension.swift */; };
		8CBA9AB21D96E230006A9557 /* AlertController.swift in Sources */ = {isa = PBXBuildFile; fileRef = 8CBA9AB11D96E230006A9557 /* AlertController.swift */; };
		8CBF95A51D8068F60079782F /* CocoaPod.swift in Sources */ = {isa = PBXBuildFile; fileRef = 8CBF95A41D8068F60079782F /* CocoaPod.swift */; };
		8CBF95A71D81BB4A0079782F /* UIViewControllerExtension.swift in Sources */ = {isa = PBXBuildFile; fileRef = 8CBF95A61D81BB4A0079782F /* UIViewControllerExtension.swift */; };
		8CBF95A91D830C0B0079782F /* CocoaSearchTableViewController.swift in Sources */ = {isa = PBXBuildFile; fileRef = 8CBF95A81D830C0B0079782F /* CocoaSearchTableViewController.swift */; };
		8CBF95AB1D830CAD0079782F /* CocoaPodCell.swift in Sources */ = {isa = PBXBuildFile; fileRef = 8CBF95AA1D830CAD0079782F /* CocoaPodCell.swift */; };
		8CBF95AD1D8470000079782F /* Tuples.swift in Sources */ = {isa = PBXBuildFile; fileRef = 8CBF95AC1D8470000079782F /* Tuples.swift */; };
		8CC7F3441D7B37DD0082E36B /* UILabelExtension.swift in Sources */ = {isa = PBXBuildFile; fileRef = 8CC7F3431D7B37DD0082E36B /* UILabelExtension.swift */; };
		8CC7F3481D7B45A50082E36B /* SearchViewController.swift in Sources */ = {isa = PBXBuildFile; fileRef = 8CC7F3471D7B45A50082E36B /* SearchViewController.swift */; };
		8CDAE3B81D791EA900C4F220 /* AppDelegate.swift in Sources */ = {isa = PBXBuildFile; fileRef = 8CDAE3B71D791EA900C4F220 /* AppDelegate.swift */; };
		8CDAE3BA1D791EA900C4F220 /* HomeController.swift in Sources */ = {isa = PBXBuildFile; fileRef = 8CDAE3B91D791EA900C4F220 /* HomeController.swift */; };
		8CDAE3BD1D791EA900C4F220 /* Main.storyboard in Resources */ = {isa = PBXBuildFile; fileRef = 8CDAE3BB1D791EA900C4F220 /* Main.storyboard */; };
		8CDAE3BF1D791EA900C4F220 /* Assets.xcassets in Resources */ = {isa = PBXBuildFile; fileRef = 8CDAE3BE1D791EA900C4F220 /* Assets.xcassets */; };
		8CDAE3C21D791EA900C4F220 /* LaunchScreen.storyboard in Resources */ = {isa = PBXBuildFile; fileRef = 8CDAE3C01D791EA900C4F220 /* LaunchScreen.storyboard */; };
		8CDAE3CD1D791EA900C4F220 /* HotCocoaTests.swift in Sources */ = {isa = PBXBuildFile; fileRef = 8CDAE3CC1D791EA900C4F220 /* HotCocoaTests.swift */; };
		8CE37EF51D79286700EB23C9 /* HCSegmentio.swift in Sources */ = {isa = PBXBuildFile; fileRef = 8CE37EF41D79286700EB23C9 /* HCSegmentio.swift */; };
		8CE37EF71D7928FB00EB23C9 /* Constants.swift in Sources */ = {isa = PBXBuildFile; fileRef = 8CE37EF61D7928FB00EB23C9 /* Constants.swift */; };
		8CE37EFA1D792A1E00EB23C9 /* UIColorExtension.swift in Sources */ = {isa = PBXBuildFile; fileRef = 8CE37EF91D792A1E00EB23C9 /* UIColorExtension.swift */; };
		8CE37EFC1D792A4F00EB23C9 /* UIFontExtension.swift in Sources */ = {isa = PBXBuildFile; fileRef = 8CE37EFB1D792A4F00EB23C9 /* UIFontExtension.swift */; };
		8CE37EFE1D79300600EB23C9 /* UINavigationBarExtension.swift in Sources */ = {isa = PBXBuildFile; fileRef = 8CE37EFD1D79300600EB23C9 /* UINavigationBarExtension.swift */; };
		8CE37F001D793B8800EB23C9 /* CocoaTableViewController.swift in Sources */ = {isa = PBXBuildFile; fileRef = 8CE37EFF1D793B8800EB23C9 /* CocoaTableViewController.swift */; };
		8CE37F081D793E8C00EB23C9 /* CellInterface.swift in Sources */ = {isa = PBXBuildFile; fileRef = 8CE37F071D793E8C00EB23C9 /* CellInterface.swift */; };
		8CE37F0E1D79422100EB23C9 /* Pod.swift in Sources */ = {isa = PBXBuildFile; fileRef = 8CE37F0D1D79422100EB23C9 /* Pod.swift */; };
		8CE37F111D79454A00EB23C9 /* DataProvider.swift in Sources */ = {isa = PBXBuildFile; fileRef = 8CE37F101D79454A00EB23C9 /* DataProvider.swift */; };
		8CE37F1E1D7A4C9800EB23C9 /* Enums.swift in Sources */ = {isa = PBXBuildFile; fileRef = 8CE37F1D1D7A4C9800EB23C9 /* Enums.swift */; };
		8CE37F201D7A5A2200EB23C9 /* DataHandler.swift in Sources */ = {isa = PBXBuildFile; fileRef = 8CE37F1F1D7A5A2200EB23C9 /* DataHandler.swift */; };
		8CEEF49E1D84F20A001270DB /* EmailController.swift in Sources */ = {isa = PBXBuildFile; fileRef = 8CEEF49D1D84F20A001270DB /* EmailController.swift */; };
		8CEEF4A01D85B0CB001270DB /* UIApplicationExtension.swift in Sources */ = {isa = PBXBuildFile; fileRef = 8CEEF49F1D85B0CB001270DB /* UIApplicationExtension.swift */; };
		8CF54BC01D7C8AF50025BE5F /* PodCell.swift in Sources */ = {isa = PBXBuildFile; fileRef = 8CF54BBF1D7C8AF50025BE5F /* PodCell.swift */; };
		8CF54BC21D7DEA310025BE5F /* WebController.swift in Sources */ = {isa = PBXBuildFile; fileRef = 8CF54BC11D7DEA310025BE5F /* WebController.swift */; };
/* End PBXBuildFile section */

/* Begin PBXContainerItemProxy section */
		8CDAE3C91D791EA900C4F220 /* PBXContainerItemProxy */ = {
			isa = PBXContainerItemProxy;
			containerPortal = 8CDAE3AC1D791EA800C4F220 /* Project object */;
			proxyType = 1;
			remoteGlobalIDString = 8CDAE3B31D791EA800C4F220;
			remoteInfo = HotCocoa;
		};
/* End PBXContainerItemProxy section */

/* Begin PBXFileReference section */
		259F6E6FD62EB24E0A0576A8 /* Pods-HotCocoa.debug.xcconfig */ = {isa = PBXFileReference; includeInIndex = 1; lastKnownFileType = text.xcconfig; name = "Pods-HotCocoa.debug.xcconfig"; path = "Pods/Target Support Files/Pods-HotCocoa/Pods-HotCocoa.debug.xcconfig"; sourceTree = "<group>"; };
		801FD5F7E556F2347EA8F8FF /* Pods-HotCocoa.release.xcconfig */ = {isa = PBXFileReference; includeInIndex = 1; lastKnownFileType = text.xcconfig; name = "Pods-HotCocoa.release.xcconfig"; path = "Pods/Target Support Files/Pods-HotCocoa/Pods-HotCocoa.release.xcconfig"; sourceTree = "<group>"; };
		8C37928C1DB277C700F007FF /* AsyncPhotoMediaItem.swift */ = {isa = PBXFileReference; fileEncoding = 4; lastKnownFileType = sourcecode.swift; path = AsyncPhotoMediaItem.swift; sourceTree = "<group>"; };
		8C3792901DB283AC00F007FF /* UIImageExtension.swift */ = {isa = PBXFileReference; fileEncoding = 4; lastKnownFileType = sourcecode.swift; path = UIImageExtension.swift; sourceTree = "<group>"; };
		8C49FD7A1D85DCC3003A37A9 /* WindowHelper.swift */ = {isa = PBXFileReference; fileEncoding = 4; lastKnownFileType = sourcecode.swift; path = WindowHelper.swift; sourceTree = "<group>"; };
		8C52940E1DADBB71007321E5 /* SocketManager.swift */ = {isa = PBXFileReference; fileEncoding = 4; lastKnownFileType = sourcecode.swift; path = SocketManager.swift; sourceTree = "<group>"; };
		8C5294121DADD5C8007321E5 /* MessagesViewController.swift */ = {isa = PBXFileReference; fileEncoding = 4; lastKnownFileType = sourcecode.swift; path = MessagesViewController.swift; sourceTree = "<group>"; };
		8C61AA441DAE8AB3007D0992 /* UserService.swift */ = {isa = PBXFileReference; fileEncoding = 4; lastKnownFileType = sourcecode.swift; path = UserService.swift; sourceTree = "<group>"; };
		8C7FF88D1DAAA2A800E41B2E /* SettingsViewController.swift */ = {isa = PBXFileReference; fileEncoding = 4; lastKnownFileType = sourcecode.swift; path = SettingsViewController.swift; sourceTree = "<group>"; };
		8C7FF88F1DAAAAD000E41B2E /* ProgressController.swift */ = {isa = PBXFileReference; fileEncoding = 4; lastKnownFileType = sourcecode.swift; path = ProgressController.swift; sourceTree = "<group>"; };
		8CB20C541D85C22A00BA2004 /* StringExtension.swift */ = {isa = PBXFileReference; fileEncoding = 4; lastKnownFileType = sourcecode.swift; path = StringExtension.swift; sourceTree = "<group>"; };
		8CBA9AB11D96E230006A9557 /* AlertController.swift */ = {isa = PBXFileReference; fileEncoding = 4; lastKnownFileType = sourcecode.swift; path = AlertController.swift; sourceTree = "<group>"; };
		8CBF95A41D8068F60079782F /* CocoaPod.swift */ = {isa = PBXFileReference; fileEncoding = 4; lastKnownFileType = sourcecode.swift; path = CocoaPod.swift; sourceTree = "<group>"; };
		8CBF95A61D81BB4A0079782F /* UIViewControllerExtension.swift */ = {isa = PBXFileReference; fileEncoding = 4; lastKnownFileType = sourcecode.swift; path = UIViewControllerExtension.swift; sourceTree = "<group>"; };
		8CBF95A81D830C0B0079782F /* CocoaSearchTableViewController.swift */ = {isa = PBXFileReference; fileEncoding = 4; lastKnownFileType = sourcecode.swift; path = CocoaSearchTableViewController.swift; sourceTree = "<group>"; };
		8CBF95AA1D830CAD0079782F /* CocoaPodCell.swift */ = {isa = PBXFileReference; fileEncoding = 4; lastKnownFileType = sourcecode.swift; path = CocoaPodCell.swift; sourceTree = "<group>"; };
		8CBF95AC1D8470000079782F /* Tuples.swift */ = {isa = PBXFileReference; fileEncoding = 4; lastKnownFileType = sourcecode.swift; path = Tuples.swift; sourceTree = "<group>"; };
		8CC7F3431D7B37DD0082E36B /* UILabelExtension.swift */ = {isa = PBXFileReference; fileEncoding = 4; lastKnownFileType = sourcecode.swift; path = UILabelExtension.swift; sourceTree = "<group>"; };
		8CC7F3471D7B45A50082E36B /* SearchViewController.swift */ = {isa = PBXFileReference; fileEncoding = 4; lastKnownFileType = sourcecode.swift; path = SearchViewController.swift; sourceTree = "<group>"; };
		8CDAE3B41D791EA800C4F220 /* HotCocoa.app */ = {isa = PBXFileReference; explicitFileType = wrapper.application; includeInIndex = 0; path = HotCocoa.app; sourceTree = BUILT_PRODUCTS_DIR; };
		8CDAE3B71D791EA900C4F220 /* AppDelegate.swift */ = {isa = PBXFileReference; lastKnownFileType = sourcecode.swift; path = AppDelegate.swift; sourceTree = "<group>"; };
		8CDAE3B91D791EA900C4F220 /* HomeController.swift */ = {isa = PBXFileReference; lastKnownFileType = sourcecode.swift; path = HomeController.swift; sourceTree = "<group>"; };
		8CDAE3BC1D791EA900C4F220 /* Base */ = {isa = PBXFileReference; lastKnownFileType = file.storyboard; name = Base; path = Base.lproj/Main.storyboard; sourceTree = "<group>"; };
		8CDAE3BE1D791EA900C4F220 /* Assets.xcassets */ = {isa = PBXFileReference; lastKnownFileType = folder.assetcatalog; path = Assets.xcassets; sourceTree = "<group>"; };
		8CDAE3C11D791EA900C4F220 /* Base */ = {isa = PBXFileReference; lastKnownFileType = file.storyboard; name = Base; path = Base.lproj/LaunchScreen.storyboard; sourceTree = "<group>"; };
		8CDAE3C31D791EA900C4F220 /* Info.plist */ = {isa = PBXFileReference; lastKnownFileType = text.plist.xml; path = Info.plist; sourceTree = "<group>"; };
		8CDAE3C81D791EA900C4F220 /* HotCocoaTests.xctest */ = {isa = PBXFileReference; explicitFileType = wrapper.cfbundle; includeInIndex = 0; path = HotCocoaTests.xctest; sourceTree = BUILT_PRODUCTS_DIR; };
		8CDAE3CC1D791EA900C4F220 /* HotCocoaTests.swift */ = {isa = PBXFileReference; lastKnownFileType = sourcecode.swift; path = HotCocoaTests.swift; sourceTree = "<group>"; };
		8CDAE3CE1D791EA900C4F220 /* Info.plist */ = {isa = PBXFileReference; lastKnownFileType = text.plist.xml; path = Info.plist; sourceTree = "<group>"; };
		8CE37EF41D79286700EB23C9 /* HCSegmentio.swift */ = {isa = PBXFileReference; fileEncoding = 4; lastKnownFileType = sourcecode.swift; path = HCSegmentio.swift; sourceTree = "<group>"; };
		8CE37EF61D7928FB00EB23C9 /* Constants.swift */ = {isa = PBXFileReference; fileEncoding = 4; lastKnownFileType = sourcecode.swift; path = Constants.swift; sourceTree = "<group>"; };
		8CE37EF91D792A1E00EB23C9 /* UIColorExtension.swift */ = {isa = PBXFileReference; fileEncoding = 4; lastKnownFileType = sourcecode.swift; path = UIColorExtension.swift; sourceTree = "<group>"; };
		8CE37EFB1D792A4F00EB23C9 /* UIFontExtension.swift */ = {isa = PBXFileReference; fileEncoding = 4; lastKnownFileType = sourcecode.swift; path = UIFontExtension.swift; sourceTree = "<group>"; };
		8CE37EFD1D79300600EB23C9 /* UINavigationBarExtension.swift */ = {isa = PBXFileReference; fileEncoding = 4; lastKnownFileType = sourcecode.swift; path = UINavigationBarExtension.swift; sourceTree = "<group>"; };
		8CE37EFF1D793B8800EB23C9 /* CocoaTableViewController.swift */ = {isa = PBXFileReference; fileEncoding = 4; lastKnownFileType = sourcecode.swift; path = CocoaTableViewController.swift; sourceTree = "<group>"; };
		8CE37F071D793E8C00EB23C9 /* CellInterface.swift */ = {isa = PBXFileReference; fileEncoding = 4; lastKnownFileType = sourcecode.swift; path = CellInterface.swift; sourceTree = "<group>"; };
		8CE37F0D1D79422100EB23C9 /* Pod.swift */ = {isa = PBXFileReference; fileEncoding = 4; lastKnownFileType = sourcecode.swift; path = Pod.swift; sourceTree = "<group>"; };
		8CE37F101D79454A00EB23C9 /* DataProvider.swift */ = {isa = PBXFileReference; fileEncoding = 4; lastKnownFileType = sourcecode.swift; path = DataProvider.swift; sourceTree = "<group>"; };
		8CE37F1D1D7A4C9800EB23C9 /* Enums.swift */ = {isa = PBXFileReference; fileEncoding = 4; lastKnownFileType = sourcecode.swift; path = Enums.swift; sourceTree = "<group>"; };
		8CE37F1F1D7A5A2200EB23C9 /* DataHandler.swift */ = {isa = PBXFileReference; fileEncoding = 4; lastKnownFileType = sourcecode.swift; path = DataHandler.swift; sourceTree = "<group>"; };
		8CEEF49D1D84F20A001270DB /* EmailController.swift */ = {isa = PBXFileReference; fileEncoding = 4; lastKnownFileType = sourcecode.swift; path = EmailController.swift; sourceTree = "<group>"; };
		8CEEF49F1D85B0CB001270DB /* UIApplicationExtension.swift */ = {isa = PBXFileReference; fileEncoding = 4; lastKnownFileType = sourcecode.swift; path = UIApplicationExtension.swift; sourceTree = "<group>"; };
		8CF54BBF1D7C8AF50025BE5F /* PodCell.swift */ = {isa = PBXFileReference; fileEncoding = 4; lastKnownFileType = sourcecode.swift; path = PodCell.swift; sourceTree = "<group>"; };
		8CF54BC11D7DEA310025BE5F /* WebController.swift */ = {isa = PBXFileReference; fileEncoding = 4; lastKnownFileType = sourcecode.swift; path = WebController.swift; sourceTree = "<group>"; };
		CCB442D7D84B77C65218B01D /* Pods_HotCocoa.framework */ = {isa = PBXFileReference; explicitFileType = wrapper.framework; includeInIndex = 0; path = Pods_HotCocoa.framework; sourceTree = BUILT_PRODUCTS_DIR; };
/* End PBXFileReference section */

/* Begin PBXFrameworksBuildPhase section */
		8CDAE3B11D791EA800C4F220 /* Frameworks */ = {
			isa = PBXFrameworksBuildPhase;
			buildActionMask = 2147483647;
			files = (
				0D4EEC6FF31F9CB5F16F2A1D /* Pods_HotCocoa.framework in Frameworks */,
			);
			runOnlyForDeploymentPostprocessing = 0;
		};
		8CDAE3C51D791EA900C4F220 /* Frameworks */ = {
			isa = PBXFrameworksBuildPhase;
			buildActionMask = 2147483647;
			files = (
			);
			runOnlyForDeploymentPostprocessing = 0;
		};
/* End PBXFrameworksBuildPhase section */

/* Begin PBXGroup section */
		1F8E16CB09E6590EB0DD88C5 /* Pods */ = {
			isa = PBXGroup;
			children = (
				259F6E6FD62EB24E0A0576A8 /* Pods-HotCocoa.debug.xcconfig */,
				801FD5F7E556F2347EA8F8FF /* Pods-HotCocoa.release.xcconfig */,
			);
			name = Pods;
			sourceTree = "<group>";
		};
		729FE8503F910022809F1173 /* Frameworks */ = {
			isa = PBXGroup;
			children = (
				CCB442D7D84B77C65218B01D /* Pods_HotCocoa.framework */,
			);
			name = Frameworks;
			sourceTree = "<group>";
		};
		8CDAE3AB1D791EA800C4F220 = {
			isa = PBXGroup;
			children = (
				8CDAE3B61D791EA900C4F220 /* HotCocoa */,
				8CDAE3CB1D791EA900C4F220 /* HotCocoaTests */,
				8CDAE3B51D791EA800C4F220 /* Products */,
				1F8E16CB09E6590EB0DD88C5 /* Pods */,
				729FE8503F910022809F1173 /* Frameworks */,
			);
			sourceTree = "<group>";
		};
		8CDAE3B51D791EA800C4F220 /* Products */ = {
			isa = PBXGroup;
			children = (
				8CDAE3B41D791EA800C4F220 /* HotCocoa.app */,
				8CDAE3C81D791EA900C4F220 /* HotCocoaTests.xctest */,
			);
			name = Products;
			sourceTree = "<group>";
		};
		8CDAE3B61D791EA900C4F220 /* HotCocoa */ = {
			isa = PBXGroup;
			children = (
				8CE37EF31D79280F00EB23C9 /* Resources */,
				8CE37EF21D7927FD00EB23C9 /* Storyboards */,
				8CE37EF11D7927F600EB23C9 /* Application */,
				8CE37F061D793E7900EB23C9 /* Protocols */,
				8CE37EF81D7929FF00EB23C9 /* Extensions */,
				8CE37F1C1D7A4C4000EB23C9 /* Enum */,
				8CE37F0F1D79452800EB23C9 /* Data */,
				8CEEF49C1D84F1F7001270DB /* Helper */,
				8CE37F031D793D9F00EB23C9 /* Views */,
				8CE37EF01D7927C400EB23C9 /* Models */,
				8CE37EEF1D79272C00EB23C9 /* ViewControllers */,
			);
			path = HotCocoa;
			sourceTree = "<group>";
		};
		8CDAE3CB1D791EA900C4F220 /* HotCocoaTests */ = {
			isa = PBXGroup;
			children = (
				8CDAE3CC1D791EA900C4F220 /* HotCocoaTests.swift */,
				8CDAE3CE1D791EA900C4F220 /* Info.plist */,
			);
			path = HotCocoaTests;
			sourceTree = "<group>";
		};
		8CE37EEF1D79272C00EB23C9 /* ViewControllers */ = {
			isa = PBXGroup;
			children = (
				8CDAE3B91D791EA900C4F220 /* HomeController.swift */,
				8CE37EFF1D793B8800EB23C9 /* CocoaTableViewController.swift */,
				8CC7F3471D7B45A50082E36B /* SearchViewController.swift */,
				8CBF95A81D830C0B0079782F /* CocoaSearchTableViewController.swift */,
				8C7FF88D1DAAA2A800E41B2E /* SettingsViewController.swift */,
				8C5294121DADD5C8007321E5 /* MessagesViewController.swift */,
			);
			name = ViewControllers;
			sourceTree = "<group>";
		};
		8CE37EF01D7927C400EB23C9 /* Models */ = {
			isa = PBXGroup;
			children = (
				8CE37EF41D79286700EB23C9 /* HCSegmentio.swift */,
				8CE37EF61D7928FB00EB23C9 /* Constants.swift */,
				8CE37F0D1D79422100EB23C9 /* Pod.swift */,
				8CBF95A41D8068F60079782F /* CocoaPod.swift */,
				8CBF95AC1D8470000079782F /* Tuples.swift */,
			);
			name = Models;
			sourceTree = "<group>";
		};
		8CE37EF11D7927F600EB23C9 /* Application */ = {
			isa = PBXGroup;
			children = (
				8CDAE3B71D791EA900C4F220 /* AppDelegate.swift */,
			);
			name = Application;
			sourceTree = "<group>";
		};
		8CE37EF21D7927FD00EB23C9 /* Storyboards */ = {
			isa = PBXGroup;
			children = (
				8CDAE3BB1D791EA900C4F220 /* Main.storyboard */,
				8CDAE3C01D791EA900C4F220 /* LaunchScreen.storyboard */,
			);
			name = Storyboards;
			sourceTree = "<group>";
		};
		8CE37EF31D79280F00EB23C9 /* Resources */ = {
			isa = PBXGroup;
			children = (
				8CDAE3C31D791EA900C4F220 /* Info.plist */,
				8CDAE3BE1D791EA900C4F220 /* Assets.xcassets */,
			);
			name = Resources;
			sourceTree = "<group>";
		};
		8CE37EF81D7929FF00EB23C9 /* Extensions */ = {
			isa = PBXGroup;
			children = (
				8CE37EF91D792A1E00EB23C9 /* UIColorExtension.swift */,
				8CE37EFB1D792A4F00EB23C9 /* UIFontExtension.swift */,
				8CE37EFD1D79300600EB23C9 /* UINavigationBarExtension.swift */,
				8CC7F3431D7B37DD0082E36B /* UILabelExtension.swift */,
				8CBF95A61D81BB4A0079782F /* UIViewControllerExtension.swift */,
				8CEEF49F1D85B0CB001270DB /* UIApplicationExtension.swift */,
				8CB20C541D85C22A00BA2004 /* StringExtension.swift */,
				8C3792901DB283AC00F007FF /* UIImageExtension.swift */,
			);
			name = Extensions;
			sourceTree = "<group>";
		};
		8CE37F031D793D9F00EB23C9 /* Views */ = {
			isa = PBXGroup;
			children = (
				8CF54BBF1D7C8AF50025BE5F /* PodCell.swift */,
				8CBF95AA1D830CAD0079782F /* CocoaPodCell.swift */,
			);
			name = Views;
			sourceTree = "<group>";
		};
		8CE37F061D793E7900EB23C9 /* Protocols */ = {
			isa = PBXGroup;
			children = (
				8CE37F071D793E8C00EB23C9 /* CellInterface.swift */,
			);
			name = Protocols;
			sourceTree = "<group>";
		};
		8CE37F0F1D79452800EB23C9 /* Data */ = {
			isa = PBXGroup;
			children = (
				8CE37F101D79454A00EB23C9 /* DataProvider.swift */,
				8CE37F1F1D7A5A2200EB23C9 /* DataHandler.swift */,
				8C52940E1DADBB71007321E5 /* SocketManager.swift */,
			);
			name = Data;
			sourceTree = "<group>";
		};
		8CE37F1C1D7A4C4000EB23C9 /* Enum */ = {
			isa = PBXGroup;
			children = (
				8CE37F1D1D7A4C9800EB23C9 /* Enums.swift */,
			);
			name = Enum;
			sourceTree = "<group>";
		};
		8CEEF49C1D84F1F7001270DB /* Helper */ = {
			isa = PBXGroup;
			children = (
				8CF54BC11D7DEA310025BE5F /* WebController.swift */,
				8CEEF49D1D84F20A001270DB /* EmailController.swift */,
				8C49FD7A1D85DCC3003A37A9 /* WindowHelper.swift */,
				8CBA9AB11D96E230006A9557 /* AlertController.swift */,
				8C7FF88F1DAAAAD000E41B2E /* ProgressController.swift */,
				8C61AA441DAE8AB3007D0992 /* UserService.swift */,
				8C37928C1DB277C700F007FF /* AsyncPhotoMediaItem.swift */,
			);
			name = Helper;
			sourceTree = "<group>";
		};
/* End PBXGroup section */

/* Begin PBXNativeTarget section */
		8CDAE3B31D791EA800C4F220 /* HotCocoa */ = {
			isa = PBXNativeTarget;
			buildConfigurationList = 8CDAE3D11D791EA900C4F220 /* Build configuration list for PBXNativeTarget "HotCocoa" */;
			buildPhases = (
				F54931096910462E9CCFF49C /* [CP] Check Pods Manifest.lock */,
				8CDAE3B01D791EA800C4F220 /* Sources */,
				8CDAE3B11D791EA800C4F220 /* Frameworks */,
				8CDAE3B21D791EA800C4F220 /* Resources */,
				30683AE2D91751D0A1107AB4 /* [CP] Embed Pods Frameworks */,
				772F1B074C554006C0A6350C /* [CP] Copy Pods Resources */,
				8CA3C8B01DB1BFC200395530 /* ShellScript */,
			);
			buildRules = (
			);
			dependencies = (
			);
			name = HotCocoa;
			productName = HotCocoa;
			productReference = 8CDAE3B41D791EA800C4F220 /* HotCocoa.app */;
			productType = "com.apple.product-type.application";
		};
		8CDAE3C71D791EA900C4F220 /* HotCocoaTests */ = {
			isa = PBXNativeTarget;
			buildConfigurationList = 8CDAE3D41D791EA900C4F220 /* Build configuration list for PBXNativeTarget "HotCocoaTests" */;
			buildPhases = (
				8CDAE3C41D791EA900C4F220 /* Sources */,
				8CDAE3C51D791EA900C4F220 /* Frameworks */,
				8CDAE3C61D791EA900C4F220 /* Resources */,
			);
			buildRules = (
			);
			dependencies = (
				8CDAE3CA1D791EA900C4F220 /* PBXTargetDependency */,
			);
			name = HotCocoaTests;
			productName = HotCocoaTests;
			productReference = 8CDAE3C81D791EA900C4F220 /* HotCocoaTests.xctest */;
			productType = "com.apple.product-type.bundle.unit-test";
		};
/* End PBXNativeTarget section */

/* Begin PBXProject section */
		8CDAE3AC1D791EA800C4F220 /* Project object */ = {
			isa = PBXProject;
			attributes = {
				LastSwiftUpdateCheck = 0730;
				LastUpgradeCheck = 0730;
				ORGANIZATIONNAME = crmobiledev;
				TargetAttributes = {
					8CDAE3B31D791EA800C4F220 = {
						CreatedOnToolsVersion = 7.3;
						DevelopmentTeam = P857ZRS6WM;
					};
					8CDAE3C71D791EA900C4F220 = {
						CreatedOnToolsVersion = 7.3;
						TestTargetID = 8CDAE3B31D791EA800C4F220;
					};
				};
			};
			buildConfigurationList = 8CDAE3AF1D791EA800C4F220 /* Build configuration list for PBXProject "HotCocoa" */;
			compatibilityVersion = "Xcode 3.2";
			developmentRegion = English;
			hasScannedForEncodings = 0;
			knownRegions = (
				en,
				Base,
			);
			mainGroup = 8CDAE3AB1D791EA800C4F220;
			productRefGroup = 8CDAE3B51D791EA800C4F220 /* Products */;
			projectDirPath = "";
			projectRoot = "";
			targets = (
				8CDAE3B31D791EA800C4F220 /* HotCocoa */,
				8CDAE3C71D791EA900C4F220 /* HotCocoaTests */,
			);
		};
/* End PBXProject section */

/* Begin PBXResourcesBuildPhase section */
		8CDAE3B21D791EA800C4F220 /* Resources */ = {
			isa = PBXResourcesBuildPhase;
			buildActionMask = 2147483647;
			files = (
				8CDAE3C21D791EA900C4F220 /* LaunchScreen.storyboard in Resources */,
				8CDAE3BF1D791EA900C4F220 /* Assets.xcassets in Resources */,
				8CDAE3BD1D791EA900C4F220 /* Main.storyboard in Resources */,
			);
			runOnlyForDeploymentPostprocessing = 0;
		};
		8CDAE3C61D791EA900C4F220 /* Resources */ = {
			isa = PBXResourcesBuildPhase;
			buildActionMask = 2147483647;
			files = (
			);
			runOnlyForDeploymentPostprocessing = 0;
		};
/* End PBXResourcesBuildPhase section */

/* Begin PBXShellScriptBuildPhase section */
		30683AE2D91751D0A1107AB4 /* [CP] Embed Pods Frameworks */ = {
			isa = PBXShellScriptBuildPhase;
			buildActionMask = 2147483647;
			files = (
			);
			inputPaths = (
			);
			name = "[CP] Embed Pods Frameworks";
			outputPaths = (
			);
			runOnlyForDeploymentPostprocessing = 0;
			shellPath = /bin/sh;
			shellScript = "\"${SRCROOT}/Pods/Target Support Files/Pods-HotCocoa/Pods-HotCocoa-frameworks.sh\"\n";
			showEnvVarsInLog = 0;
		};
		772F1B074C554006C0A6350C /* [CP] Copy Pods Resources */ = {
			isa = PBXShellScriptBuildPhase;
			buildActionMask = 2147483647;
			files = (
			);
			inputPaths = (
			);
			name = "[CP] Copy Pods Resources";
			outputPaths = (
			);
			runOnlyForDeploymentPostprocessing = 0;
			shellPath = /bin/sh;
			shellScript = "\"${SRCROOT}/Pods/Target Support Files/Pods-HotCocoa/Pods-HotCocoa-resources.sh\"\n";
			showEnvVarsInLog = 0;
		};
		8CA3C8B01DB1BFC200395530 /* ShellScript */ = {
			isa = PBXShellScriptBuildPhase;
			buildActionMask = 2147483647;
			files = (
			);
			inputPaths = (
			);
			outputPaths = (
			);
			runOnlyForDeploymentPostprocessing = 0;
			shellPath = /bin/sh;
			shellScript = "\"${PODS_ROOT}/Fabric/run\" a268f5bdb176805a37b04724fbd1b638a34638a1 54697b922ea04cb262da9af1d3cea5d024fce888e6d990edeadbec7be445657e";
		};
		F54931096910462E9CCFF49C /* [CP] Check Pods Manifest.lock */ = {
			isa = PBXShellScriptBuildPhase;
			buildActionMask = 2147483647;
			files = (
			);
			inputPaths = (
			);
			name = "[CP] Check Pods Manifest.lock";
			outputPaths = (
			);
			runOnlyForDeploymentPostprocessing = 0;
			shellPath = /bin/sh;
			shellScript = "diff \"${PODS_ROOT}/../Podfile.lock\" \"${PODS_ROOT}/Manifest.lock\" > /dev/null\nif [ $? != 0 ] ; then\n    # print error to STDERR\n    echo \"error: The sandbox is not in sync with the Podfile.lock. Run 'pod install' or update your CocoaPods installation.\" >&2\n    exit 1\nfi\n";
			showEnvVarsInLog = 0;
		};
/* End PBXShellScriptBuildPhase section */

/* Begin PBXSourcesBuildPhase section */
		8CDAE3B01D791EA800C4F220 /* Sources */ = {
			isa = PBXSourcesBuildPhase;
			buildActionMask = 2147483647;
			files = (
				8CDAE3BA1D791EA900C4F220 /* HomeController.swift in Sources */,
				8CEEF49E1D84F20A001270DB /* EmailController.swift in Sources */,
				8CE37EF51D79286700EB23C9 /* HCSegmentio.swift in Sources */,
				8C7FF8901DAAAAD000E41B2E /* ProgressController.swift in Sources */,
				8C52940F1DADBB71007321E5 /* SocketManager.swift in Sources */,
				8CE37EFA1D792A1E00EB23C9 /* UIColorExtension.swift in Sources */,
				8CF54BC01D7C8AF50025BE5F /* PodCell.swift in Sources */,
				8CDAE3B81D791EA900C4F220 /* AppDelegate.swift in Sources */,
				8CEEF4A01D85B0CB001270DB /* UIApplicationExtension.swift in Sources */,
				8CB20C551D85C22A00BA2004 /* StringExtension.swift in Sources */,
				8CE37EFE1D79300600EB23C9 /* UINavigationBarExtension.swift in Sources */,
				8CBF95AD1D8470000079782F /* Tuples.swift in Sources */,
				8CE37F111D79454A00EB23C9 /* DataProvider.swift in Sources */,
				8CF54BC21D7DEA310025BE5F /* WebController.swift in Sources */,
				8C5294131DADD5C8007321E5 /* MessagesViewController.swift in Sources */,
				8CC7F3441D7B37DD0082E36B /* UILabelExtension.swift in Sources */,
				8C49FD7B1D85DCC3003A37A9 /* WindowHelper.swift in Sources */,
				8C61AA451DAE8AB3007D0992 /* UserService.swift in Sources */,
				8C37928D1DB277C700F007FF /* AsyncPhotoMediaItem.swift in Sources */,
				8C3792911DB283AC00F007FF /* UIImageExtension.swift in Sources */,
				8CBF95A91D830C0B0079782F /* CocoaSearchTableViewController.swift in Sources */,
				8CE37F1E1D7A4C9800EB23C9 /* Enums.swift in Sources */,
				8CE37F201D7A5A2200EB23C9 /* DataHandler.swift in Sources */,
				8CC7F3481D7B45A50082E36B /* SearchViewController.swift in Sources */,
				8CE37F0E1D79422100EB23C9 /* Pod.swift in Sources */,
				8CBA9AB21D96E230006A9557 /* AlertController.swift in Sources */,
				8CE37F081D793E8C00EB23C9 /* CellInterface.swift in Sources */,
				8CE37F001D793B8800EB23C9 /* CocoaTableViewController.swift in Sources */,
				8CE37EFC1D792A4F00EB23C9 /* UIFontExtension.swift in Sources */,
				8C7FF88E1DAAA2A800E41B2E /* SettingsViewController.swift in Sources */,
				8CBF95A71D81BB4A0079782F /* UIViewControllerExtension.swift in Sources */,
				8CE37EF71D7928FB00EB23C9 /* Constants.swift in Sources */,
				8CBF95A51D8068F60079782F /* CocoaPod.swift in Sources */,
				8CBF95AB1D830CAD0079782F /* CocoaPodCell.swift in Sources */,
			);
			runOnlyForDeploymentPostprocessing = 0;
		};
		8CDAE3C41D791EA900C4F220 /* Sources */ = {
			isa = PBXSourcesBuildPhase;
			buildActionMask = 2147483647;
			files = (
				8CDAE3CD1D791EA900C4F220 /* HotCocoaTests.swift in Sources */,
			);
			runOnlyForDeploymentPostprocessing = 0;
		};
/* End PBXSourcesBuildPhase section */

/* Begin PBXTargetDependency section */
		8CDAE3CA1D791EA900C4F220 /* PBXTargetDependency */ = {
			isa = PBXTargetDependency;
			target = 8CDAE3B31D791EA800C4F220 /* HotCocoa */;
			targetProxy = 8CDAE3C91D791EA900C4F220 /* PBXContainerItemProxy */;
		};
/* End PBXTargetDependency section */

/* Begin PBXVariantGroup section */
		8CDAE3BB1D791EA900C4F220 /* Main.storyboard */ = {
			isa = PBXVariantGroup;
			children = (
				8CDAE3BC1D791EA900C4F220 /* Base */,
			);
			name = Main.storyboard;
			sourceTree = "<group>";
		};
		8CDAE3C01D791EA900C4F220 /* LaunchScreen.storyboard */ = {
			isa = PBXVariantGroup;
			children = (
				8CDAE3C11D791EA900C4F220 /* Base */,
			);
			name = LaunchScreen.storyboard;
			sourceTree = "<group>";
		};
/* End PBXVariantGroup section */

/* Begin XCBuildConfiguration section */
		8CDAE3CF1D791EA900C4F220 /* Debug */ = {
			isa = XCBuildConfiguration;
			buildSettings = {
				ALWAYS_SEARCH_USER_PATHS = NO;
				CLANG_ANALYZER_NONNULL = YES;
				CLANG_CXX_LANGUAGE_STANDARD = "gnu++0x";
				CLANG_CXX_LIBRARY = "libc++";
				CLANG_ENABLE_MODULES = YES;
				CLANG_ENABLE_OBJC_ARC = YES;
				CLANG_WARN_BOOL_CONVERSION = YES;
				CLANG_WARN_CONSTANT_CONVERSION = YES;
				CLANG_WARN_DIRECT_OBJC_ISA_USAGE = YES_ERROR;
				CLANG_WARN_EMPTY_BODY = YES;
				CLANG_WARN_ENUM_CONVERSION = YES;
				CLANG_WARN_INT_CONVERSION = YES;
				CLANG_WARN_OBJC_ROOT_CLASS = YES_ERROR;
				CLANG_WARN_UNREACHABLE_CODE = YES;
				CLANG_WARN__DUPLICATE_METHOD_MATCH = YES;
				"CODE_SIGN_IDENTITY[sdk=iphoneos*]" = "iPhone Developer";
				COPY_PHASE_STRIP = NO;
				DEBUG_INFORMATION_FORMAT = dwarf;
				ENABLE_STRICT_OBJC_MSGSEND = YES;
				ENABLE_TESTABILITY = YES;
				GCC_C_LANGUAGE_STANDARD = gnu99;
				GCC_DYNAMIC_NO_PIC = NO;
				GCC_NO_COMMON_BLOCKS = YES;
				GCC_OPTIMIZATION_LEVEL = 0;
				GCC_PREPROCESSOR_DEFINITIONS = (
					"DEBUG=1",
					"$(inherited)",
				);
				GCC_WARN_64_TO_32_BIT_CONVERSION = YES;
				GCC_WARN_ABOUT_RETURN_TYPE = YES_ERROR;
				GCC_WARN_UNDECLARED_SELECTOR = YES;
				GCC_WARN_UNINITIALIZED_AUTOS = YES_AGGRESSIVE;
				GCC_WARN_UNUSED_FUNCTION = YES;
				GCC_WARN_UNUSED_VARIABLE = YES;
				IPHONEOS_DEPLOYMENT_TARGET = 9.3;
				MTL_ENABLE_DEBUG_INFO = YES;
				ONLY_ACTIVE_ARCH = YES;
				SDKROOT = iphoneos;
				SWIFT_OPTIMIZATION_LEVEL = "-Onone";
			};
			name = Debug;
		};
		8CDAE3D01D791EA900C4F220 /* Release */ = {
			isa = XCBuildConfiguration;
			buildSettings = {
				ALWAYS_SEARCH_USER_PATHS = NO;
				CLANG_ANALYZER_NONNULL = YES;
				CLANG_CXX_LANGUAGE_STANDARD = "gnu++0x";
				CLANG_CXX_LIBRARY = "libc++";
				CLANG_ENABLE_MODULES = YES;
				CLANG_ENABLE_OBJC_ARC = YES;
				CLANG_WARN_BOOL_CONVERSION = YES;
				CLANG_WARN_CONSTANT_CONVERSION = YES;
				CLANG_WARN_DIRECT_OBJC_ISA_USAGE = YES_ERROR;
				CLANG_WARN_EMPTY_BODY = YES;
				CLANG_WARN_ENUM_CONVERSION = YES;
				CLANG_WARN_INT_CONVERSION = YES;
				CLANG_WARN_OBJC_ROOT_CLASS = YES_ERROR;
				CLANG_WARN_UNREACHABLE_CODE = YES;
				CLANG_WARN__DUPLICATE_METHOD_MATCH = YES;
				"CODE_SIGN_IDENTITY[sdk=iphoneos*]" = "iPhone Developer";
				COPY_PHASE_STRIP = NO;
				DEBUG_INFORMATION_FORMAT = "dwarf-with-dsym";
				ENABLE_NS_ASSERTIONS = NO;
				ENABLE_STRICT_OBJC_MSGSEND = YES;
				GCC_C_LANGUAGE_STANDARD = gnu99;
				GCC_NO_COMMON_BLOCKS = YES;
				GCC_WARN_64_TO_32_BIT_CONVERSION = YES;
				GCC_WARN_ABOUT_RETURN_TYPE = YES_ERROR;
				GCC_WARN_UNDECLARED_SELECTOR = YES;
				GCC_WARN_UNINITIALIZED_AUTOS = YES_AGGRESSIVE;
				GCC_WARN_UNUSED_FUNCTION = YES;
				GCC_WARN_UNUSED_VARIABLE = YES;
				IPHONEOS_DEPLOYMENT_TARGET = 9.3;
				MTL_ENABLE_DEBUG_INFO = NO;
				SDKROOT = iphoneos;
				VALIDATE_PRODUCT = YES;
			};
			name = Release;
		};
		8CDAE3D21D791EA900C4F220 /* Debug */ = {
			isa = XCBuildConfiguration;
			baseConfigurationReference = 259F6E6FD62EB24E0A0576A8 /* Pods-HotCocoa.debug.xcconfig */;
			buildSettings = {
				ASSETCATALOG_COMPILER_APPICON_NAME = AppIcon;
				CODE_SIGN_IDENTITY = "iPhone Developer";
				"CODE_SIGN_IDENTITY[sdk=iphoneos*]" = "iPhone Developer";
				INFOPLIST_FILE = HotCocoa/Info.plist;
				LD_RUNPATH_SEARCH_PATHS = "$(inherited) @executable_path/Frameworks";
				PRODUCT_BUNDLE_IDENTIFIER = com.crmobiledev.HotCocoa;
				PRODUCT_NAME = "$(TARGET_NAME)";
				PROVISIONING_PROFILE = "";
			};
			name = Debug;
		};
		8CDAE3D31D791EA900C4F220 /* Release */ = {
			isa = XCBuildConfiguration;
			baseConfigurationReference = 801FD5F7E556F2347EA8F8FF /* Pods-HotCocoa.release.xcconfig */;
			buildSettings = {
				ASSETCATALOG_COMPILER_APPICON_NAME = AppIcon;
				CODE_SIGN_IDENTITY = "iPhone Developer";
				"CODE_SIGN_IDENTITY[sdk=iphoneos*]" = "iPhone Developer";
				INFOPLIST_FILE = HotCocoa/Info.plist;
				LD_RUNPATH_SEARCH_PATHS = "$(inherited) @executable_path/Frameworks";
				PRODUCT_BUNDLE_IDENTIFIER = com.crmobiledev.HotCocoa;
				PRODUCT_NAME = "$(TARGET_NAME)";
				PROVISIONING_PROFILE = "";
			};
			name = Release;
		};
		8CDAE3D51D791EA900C4F220 /* Debug */ = {
			isa = XCBuildConfiguration;
			buildSettings = {
				BUNDLE_LOADER = "$(TEST_HOST)";
				INFOPLIST_FILE = HotCocoaTests/Info.plist;
				LD_RUNPATH_SEARCH_PATHS = "$(inherited) @executable_path/Frameworks @loader_path/Frameworks";
				PRODUCT_BUNDLE_IDENTIFIER = com.crmobiledev.HotCocoaTests;
				PRODUCT_NAME = "$(TARGET_NAME)";
				TEST_HOST = "$(BUILT_PRODUCTS_DIR)/HotCocoa.app/HotCocoa";
			};
			name = Debug;
		};
		8CDAE3D61D791EA900C4F220 /* Release */ = {
			isa = XCBuildConfiguration;
			buildSettings = {
				BUNDLE_LOADER = "$(TEST_HOST)";
				INFOPLIST_FILE = HotCocoaTests/Info.plist;
				LD_RUNPATH_SEARCH_PATHS = "$(inherited) @executable_path/Frameworks @loader_path/Frameworks";
				PRODUCT_BUNDLE_IDENTIFIER = com.crmobiledev.HotCocoaTests;
				PRODUCT_NAME = "$(TARGET_NAME)";
				TEST_HOST = "$(BUILT_PRODUCTS_DIR)/HotCocoa.app/HotCocoa";
			};
			name = Release;
		};
/* End XCBuildConfiguration section */

/* Begin XCConfigurationList section */
		8CDAE3AF1D791EA800C4F220 /* Build configuration list for PBXProject "HotCocoa" */ = {
			isa = XCConfigurationList;
			buildConfigurations = (
				8CDAE3CF1D791EA900C4F220 /* Debug */,
				8CDAE3D01D791EA900C4F220 /* Release */,
			);
			defaultConfigurationIsVisible = 0;
			defaultConfigurationName = Release;
		};
		8CDAE3D11D791EA900C4F220 /* Build configuration list for PBXNativeTarget "HotCocoa" */ = {
			isa = XCConfigurationList;
			buildConfigurations = (
				8CDAE3D21D791EA900C4F220 /* Debug */,
				8CDAE3D31D791EA900C4F220 /* Release */,
			);
			defaultConfigurationIsVisible = 0;
			defaultConfigurationName = Release;
		};
		8CDAE3D41D791EA900C4F220 /* Build configuration list for PBXNativeTarget "HotCocoaTests" */ = {
			isa = XCConfigurationList;
			buildConfigurations = (
				8CDAE3D51D791EA900C4F220 /* Debug */,
				8CDAE3D61D791EA900C4F220 /* Release */,
			);
			defaultConfigurationIsVisible = 0;
			defaultConfigurationName = Release;
		};
/* End XCConfigurationList section */
	};
	rootObject = 8CDAE3AC1D791EA800C4F220 /* Project object */;
}
